<?xml version="1.0" encoding="UTF-8" standalone="yes" ?>
<CodeBlocks_project_file>
	<FileVersion major="1" minor="6" />
	<Project>
		<Option title="PT" />
		<Option pch_mode="2" />
		<Option compiler="gcc" />
		<Build>
			<Target title="Debug">
				<Option output="bin/Debug/PT" prefix_auto="1" extension_auto="1" />
				<Option object_output="obj/Debug/" />
				<Option type="1" />
				<Option compiler="gcc" />
				<Compiler>
					<Add option="-g" />
				</Compiler>
			</Target>
			<Target title="Release">
				<Option output="bin/Release/PT" prefix_auto="1" extension_auto="1" />
				<Option object_output="obj/Release/" />
				<Option type="1" />
				<Option compiler="gcc" />
				<Compiler>
					<Add option="-O2" />
				</Compiler>
				<Linker>
					<Add option="-s" />
				</Linker>
			</Target>
		</Build>
		<Compiler>
			<Add option="-Wall" />
			<Add option="-std=c++11" />
			<Add option="-DGLEW_STATIC" />
			<Add directory="D:/oldesktop/opengltest/PT" />
			<Add directory="C:/SDL/SDL2-2.0.4/x86_64-w64-mingw32/include" />
			<Add directory="C:/glew/include" />
		</Compiler>
		<Linker>
			<Add option="-lmingw32 -lSDL2main -lSDL2 -lopengl32 -lglu32 -lglew32 -lglew32mx" />
			<Add directory="D:/oldesktop/opengltest/PT/lib" />
			<Add directory="C:/SDL/SDL2-2.0.4/x86_64-w64-mingw32/lib" />
		</Linker>
		<Unit filename="PT.frag" />
		<Unit filename="PT.vert" />
		<Unit filename="input.cpp" />
		<Unit filename="input.h" />
		<Unit filename="loadShader.cpp" />
		<Unit filename="loadShader.h" />
		<Unit filename="main.cpp" />
		<Unit filename="main.h" />
		<Extensions>
			<code_completion />
			<debugger />
			<envvars />
		</Extensions>
	</Project>
</CodeBlocks_project_file>
